
Microsoft Visual Studio Solution File, Format Version 12.00
# Visual Studio Version 17
VisualStudioVersion = 17.14.36518.9
MinimumVisualStudioVersion = 10.0.40219.1
Project("{2150E333-8FDC-42A3-9474-1A3956D46DE8}") = "Task0", "Task0", "{02EA681E-C7D8-13C7-8484-4AC65E1B71E8}"
EndProject
Project("{FAE04EC0-301F-11D3-BF4B-00C04F79EFBC}") = "Tyuiu.VolkovNS.Sprint3.Task0.V29", "Tyuiu.VolkovNS.Sprint3.Task0.V29\Tyuiu.VolkovNS.Sprint3.Task0.V29.csproj", "{34539B5F-EA4E-4BDC-8B6D-CE64928E9D03}"
EndProject
Project("{FAE04EC0-301F-11D3-BF4B-00C04F79EFBC}") = "Tyuiu.VolkovNS.Sprint3.Task0.V29.Test", "Tyuiu.VolkovNS.Sprint3.Task0.V29.Test\Tyuiu.VolkovNS.Sprint3.Task0.V29.Test.csproj", "{308C706D-382A-4264-9E5E-85534E640A3D}"
EndProject
Project("{FAE04EC0-301F-11D3-BF4B-00C04F79EFBC}") = "Tyuiu.VolkovNS.Sprint3.Task0.V29.Lib", "Tyuiu.VolkovNS.Sprint3.Task0.V29.Lib\Tyuiu.VolkovNS.Sprint3.Task0.V29.Lib.csproj", "{98A46C7C-F8E5-40F8-B457-A7E9FB11BB58}"
EndProject
Global
	GlobalSection(SolutionConfigurationPlatforms) = preSolution
		Debug|Any CPU = Debug|Any CPU
		Release|Any CPU = Release|Any CPU
	EndGlobalSection
	GlobalSection(ProjectConfigurationPlatforms) = postSolution
		{34539B5F-EA4E-4BDC-8B6D-CE64928E9D03}.Debug|Any CPU.ActiveCfg = Debug|Any CPU
		{34539B5F-EA4E-4BDC-8B6D-CE64928E9D03}.Debug|Any CPU.Build.0 = Debug|Any CPU
		{34539B5F-EA4E-4BDC-8B6D-CE64928E9D03}.Release|Any CPU.ActiveCfg = Release|Any CPU
		{34539B5F-EA4E-4BDC-8B6D-CE64928E9D03}.Release|Any CPU.Build.0 = Release|Any CPU
		{308C706D-382A-4264-9E5E-85534E640A3D}.Debug|Any CPU.ActiveCfg = Debug|Any CPU
		{308C706D-382A-4264-9E5E-85534E640A3D}.Debug|Any CPU.Build.0 = Debug|Any CPU
		{308C706D-382A-4264-9E5E-85534E640A3D}.Release|Any CPU.ActiveCfg = Release|Any CPU
		{308C706D-382A-4264-9E5E-85534E640A3D}.Release|Any CPU.Build.0 = Release|Any CPU
		{98A46C7C-F8E5-40F8-B457-A7E9FB11BB58}.Debug|Any CPU.ActiveCfg = Debug|Any CPU
		{98A46C7C-F8E5-40F8-B457-A7E9FB11BB58}.Debug|Any CPU.Build.0 = Debug|Any CPU
		{98A46C7C-F8E5-40F8-B457-A7E9FB11BB58}.Release|Any CPU.ActiveCfg = Release|Any CPU
		{98A46C7C-F8E5-40F8-B457-A7E9FB11BB58}.Release|Any CPU.Build.0 = Release|Any CPU
	EndGlobalSection
	GlobalSection(SolutionProperties) = preSolution
		HideSolutionNode = FALSE
	EndGlobalSection
	GlobalSection(NestedProjects) = preSolution
		{34539B5F-EA4E-4BDC-8B6D-CE64928E9D03} = {02EA681E-C7D8-13C7-8484-4AC65E1B71E8}
		{308C706D-382A-4264-9E5E-85534E640A3D} = {02EA681E-C7D8-13C7-8484-4AC65E1B71E8}
		{98A46C7C-F8E5-40F8-B457-A7E9FB11BB58} = {02EA681E-C7D8-13C7-8484-4AC65E1B71E8}
	EndGlobalSection
	GlobalSection(ExtensibilityGlobals) = postSolution
		SolutionGuid = {2D67CD8E-A672-4FD6-B809-594C8116DF84}
	EndGlobalSection
EndGlobal
