
Microsoft Visual Studio Solution File, Format Version 12.00
# Visual Studio Version 17
VisualStudioVersion = 17.14.36518.9
MinimumVisualStudioVersion = 10.0.40219.1
Project("{2150E333-8FDC-42A3-9474-1A3956D46DE8}") = "Task0", "Task0", "{02EA681E-C7D8-13C7-8484-4AC65E1B71E8}"
EndProject
Project("{FAE04EC0-301F-11D3-BF4B-00C04F79EFBC}") = "Tyuiu.VolkovNS.Sprint3.Task0.V29", "Tyuiu.VolkovNS.Sprint3.Task0.V29\Tyuiu.VolkovNS.Sprint3.Task0.V29.csproj", "{34539B5F-EA4E-4BDC-8B6D-CE64928E9D03}"
EndProject
Project("{FAE04EC0-301F-11D3-BF4B-00C04F79EFBC}") = "Tyuiu.VolkovNS.Sprint3.Task0.V29.Test", "Tyuiu.VolkovNS.Sprint3.Task0.V29.Test\Tyuiu.VolkovNS.Sprint3.Task0.V29.Test.csproj", "{308C706D-382A-4264-9E5E-85534E640A3D}"
EndProject
Project("{FAE04EC0-301F-11D3-BF4B-00C04F79EFBC}") = "Tyuiu.VolkovNS.Sprint3.Task0.V29.Lib", "Tyuiu.VolkovNS.Sprint3.Task0.V29.Lib\Tyuiu.VolkovNS.Sprint3.Task0.V29.Lib.csproj", "{98A46C7C-F8E5-40F8-B457-A7E9FB11BB58}"
EndProject
Project("{FAE04EC0-301F-11D3-BF4B-00C04F79EFBC}") = "tests", "tests\tests.csproj", "{258D7077-4906-4904-82EB-A97A8D192FFC}"
EndProject
Project("{2150E333-8FDC-42A3-9474-1A3956D46DE8}") = "Task1", "Task1", "{CEDF6774-ED9E-4268-ABBB-61F6AA43CAB8}"
EndProject
Project("{FAE04EC0-301F-11D3-BF4B-00C04F79EFBC}") = "Tyuiu.VolkovNS.Sprint3.Task1.V8", "Tyuiu.VolkovNS.Sprint3.Task1.V8\Tyuiu.VolkovNS.Sprint3.Task1.V8.csproj", "{B3D24297-6B13-4EBE-8243-C3A027C625EA}"
EndProject
Project("{FAE04EC0-301F-11D3-BF4B-00C04F79EFBC}") = "Tyuiu.VolkovNS.Sprint3.Task1.V8.Lib", "Tyuiu.VolkovNS.Sprint3.Task1.V8.Lib\Tyuiu.VolkovNS.Sprint3.Task1.V8.Lib.csproj", "{3C6AF492-BC3A-4DE7-A36F-4A5388A02587}"
EndProject
Project("{FAE04EC0-301F-11D3-BF4B-00C04F79EFBC}") = "Tyuiu.VolkovNS.Sprint3.Task1.V8.Test", "Tyuiu.VolkovNS.Sprint3.Task1.V8.Test\Tyuiu.VolkovNS.Sprint3.Task1.V8.Test.csproj", "{54ED2010-8965-4F21-BCB1-577223B234F5}"
EndProject
Global
	GlobalSection(SolutionConfigurationPlatforms) = preSolution
		Debug|Any CPU = Debug|Any CPU
		Release|Any CPU = Release|Any CPU
	EndGlobalSection
	GlobalSection(ProjectConfigurationPlatforms) = postSolution
		{34539B5F-EA4E-4BDC-8B6D-CE64928E9D03}.Debug|Any CPU.ActiveCfg = Debug|Any CPU
		{34539B5F-EA4E-4BDC-8B6D-CE64928E9D03}.Debug|Any CPU.Build.0 = Debug|Any CPU
		{34539B5F-EA4E-4BDC-8B6D-CE64928E9D03}.Release|Any CPU.ActiveCfg = Release|Any CPU
		{34539B5F-EA4E-4BDC-8B6D-CE64928E9D03}.Release|Any CPU.Build.0 = Release|Any CPU
		{308C706D-382A-4264-9E5E-85534E640A3D}.Debug|Any CPU.ActiveCfg = Debug|Any CPU
		{308C706D-382A-4264-9E5E-85534E640A3D}.Debug|Any CPU.Build.0 = Debug|Any CPU
		{308C706D-382A-4264-9E5E-85534E640A3D}.Release|Any CPU.ActiveCfg = Release|Any CPU
		{308C706D-382A-4264-9E5E-85534E640A3D}.Release|Any CPU.Build.0 = Release|Any CPU
		{98A46C7C-F8E5-40F8-B457-A7E9FB11BB58}.Debug|Any CPU.ActiveCfg = Debug|Any CPU
		{98A46C7C-F8E5-40F8-B457-A7E9FB11BB58}.Debug|Any CPU.Build.0 = Debug|Any CPU
		{98A46C7C-F8E5-40F8-B457-A7E9FB11BB58}.Release|Any CPU.ActiveCfg = Release|Any CPU
		{98A46C7C-F8E5-40F8-B457-A7E9FB11BB58}.Release|Any CPU.Build.0 = Release|Any CPU
		{258D7077-4906-4904-82EB-A97A8D192FFC}.Debug|Any CPU.ActiveCfg = Debug|Any CPU
		{258D7077-4906-4904-82EB-A97A8D192FFC}.Debug|Any CPU.Build.0 = Debug|Any CPU
		{258D7077-4906-4904-82EB-A97A8D192FFC}.Release|Any CPU.ActiveCfg = Release|Any CPU
		{258D7077-4906-4904-82EB-A97A8D192FFC}.Release|Any CPU.Build.0 = Release|Any CPU
		{B3D24297-6B13-4EBE-8243-C3A027C625EA}.Debug|Any CPU.ActiveCfg = Debug|Any CPU
		{B3D24297-6B13-4EBE-8243-C3A027C625EA}.Debug|Any CPU.Build.0 = Debug|Any CPU
		{B3D24297-6B13-4EBE-8243-C3A027C625EA}.Release|Any CPU.ActiveCfg = Release|Any CPU
		{B3D24297-6B13-4EBE-8243-C3A027C625EA}.Release|Any CPU.Build.0 = Release|Any CPU
		{3C6AF492-BC3A-4DE7-A36F-4A5388A02587}.Debug|Any CPU.ActiveCfg = Debug|Any CPU
		{3C6AF492-BC3A-4DE7-A36F-4A5388A02587}.Debug|Any CPU.Build.0 = Debug|Any CPU
		{3C6AF492-BC3A-4DE7-A36F-4A5388A02587}.Release|Any CPU.ActiveCfg = Release|Any CPU
		{3C6AF492-BC3A-4DE7-A36F-4A5388A02587}.Release|Any CPU.Build.0 = Release|Any CPU
		{54ED2010-8965-4F21-BCB1-577223B234F5}.Debug|Any CPU.ActiveCfg = Debug|Any CPU
		{54ED2010-8965-4F21-BCB1-577223B234F5}.Debug|Any CPU.Build.0 = Debug|Any CPU
		{54ED2010-8965-4F21-BCB1-577223B234F5}.Release|Any CPU.ActiveCfg = Release|Any CPU
		{54ED2010-8965-4F21-BCB1-577223B234F5}.Release|Any CPU.Build.0 = Release|Any CPU
	EndGlobalSection
	GlobalSection(SolutionProperties) = preSolution
		HideSolutionNode = FALSE
	EndGlobalSection
	GlobalSection(NestedProjects) = preSolution
		{34539B5F-EA4E-4BDC-8B6D-CE64928E9D03} = {02EA681E-C7D8-13C7-8484-4AC65E1B71E8}
		{308C706D-382A-4264-9E5E-85534E640A3D} = {02EA681E-C7D8-13C7-8484-4AC65E1B71E8}
		{98A46C7C-F8E5-40F8-B457-A7E9FB11BB58} = {02EA681E-C7D8-13C7-8484-4AC65E1B71E8}
		{B3D24297-6B13-4EBE-8243-C3A027C625EA} = {CEDF6774-ED9E-4268-ABBB-61F6AA43CAB8}
		{3C6AF492-BC3A-4DE7-A36F-4A5388A02587} = {CEDF6774-ED9E-4268-ABBB-61F6AA43CAB8}
		{54ED2010-8965-4F21-BCB1-577223B234F5} = {CEDF6774-ED9E-4268-ABBB-61F6AA43CAB8}
	EndGlobalSection
	GlobalSection(ExtensibilityGlobals) = postSolution
		SolutionGuid = {2D67CD8E-A672-4FD6-B809-594C8116DF84}
	EndGlobalSection
EndGlobal
